// !$*UTF8*$!
{
	archiveVersion = 1;
	classes = {
	};
	objectVersion = 55;
	objects = {

/* Begin PBXBuildFile section */
		D657CFEC273FDF88005609EA /* ViewController.swift in Sources */ = {isa = PBXBuildFile; fileRef = D657CFEB273FDF88005609EA /* ViewController.swift */; };
		D69C582B271B02F00033BE25 /* AppDelegate.swift in Sources */ = {isa = PBXBuildFile; fileRef = D69C582A271B02F00033BE25 /* AppDelegate.swift */; };
		D69C582D271B02F00033BE25 /* DocumentBrowserViewController.swift in Sources */ = {isa = PBXBuildFile; fileRef = D69C582C271B02F00033BE25 /* DocumentBrowserViewController.swift */; };
		D69C582F271B02F00033BE25 /* DocumentViewController.swift in Sources */ = {isa = PBXBuildFile; fileRef = D69C582E271B02F00033BE25 /* DocumentViewController.swift */; };
		D69C5831271B02F00033BE25 /* Document.swift in Sources */ = {isa = PBXBuildFile; fileRef = D69C5830271B02F00033BE25 /* Document.swift */; };
		D69C5834271B02F00033BE25 /* Main.storyboard in Resources */ = {isa = PBXBuildFile; fileRef = D69C5832271B02F00033BE25 /* Main.storyboard */; };
		D69C5836271B02F20033BE25 /* Assets.xcassets in Resources */ = {isa = PBXBuildFile; fileRef = D69C5835271B02F20033BE25 /* Assets.xcassets */; };
		D69C5839271B02F20033BE25 /* LaunchScreen.storyboard in Resources */ = {isa = PBXBuildFile; fileRef = D69C5837271B02F20033BE25 /* LaunchScreen.storyboard */; };
		D69C5844271B02F20033BE25 /* MVVM_Demo_projectTests.swift in Sources */ = {isa = PBXBuildFile; fileRef = D69C5843271B02F20033BE25 /* MVVM_Demo_projectTests.swift */; };
		D69C584E271B02F20033BE25 /* MVVM_Demo_projectUITests.swift in Sources */ = {isa = PBXBuildFile; fileRef = D69C584D271B02F20033BE25 /* MVVM_Demo_projectUITests.swift */; };
		D69C5850271B02F20033BE25 /* MVVM_Demo_projectUITestsLaunchTests.swift in Sources */ = {isa = PBXBuildFile; fileRef = D69C584F271B02F20033BE25 /* MVVM_Demo_projectUITestsLaunchTests.swift */; };
/* End PBXBuildFile section */

/* Begin PBXContainerItemProxy section */
		D69C5840271B02F20033BE25 /* PBXContainerItemProxy */ = {
			isa = PBXContainerItemProxy;
			containerPortal = D69C581F271B02F00033BE25 /* Project object */;
			proxyType = 1;
			remoteGlobalIDString = D69C5826271B02F00033BE25;
			remoteInfo = "MVVM Demo project";
		};
		D69C584A271B02F20033BE25 /* PBXContainerItemProxy */ = {
			isa = PBXContainerItemProxy;
			containerPortal = D69C581F271B02F00033BE25 /* Project object */;
			proxyType = 1;
			remoteGlobalIDString = D69C5826271B02F00033BE25;
			remoteInfo = "MVVM Demo project";
		};
/* End PBXContainerItemProxy section */

/* Begin PBXFileReference section */
		D657CFEB273FDF88005609EA /* ViewController.swift */ = {isa = PBXFileReference; lastKnownFileType = sourcecode.swift; path = ViewController.swift; sourceTree = "<group>"; };
		D69C5827271B02F00033BE25 /* MVVM Demo project.app */ = {isa = PBXFileReference; explicitFileType = wrapper.application; includeInIndex = 0; path = "MVVM Demo project.app"; sourceTree = BUILT_PRODUCTS_DIR; };
		D69C582A271B02F00033BE25 /* AppDelegate.swift */ = {isa = PBXFileReference; lastKnownFileType = sourcecode.swift; path = AppDelegate.swift; sourceTree = "<group>"; };
		D69C582C271B02F00033BE25 /* DocumentBrowserViewController.swift */ = {isa = PBXFileReference; lastKnownFileType = sourcecode.swift; path = DocumentBrowserViewController.swift; sourceTree = "<group>"; };
		D69C582E271B02F00033BE25 /* DocumentViewController.swift */ = {isa = PBXFileReference; lastKnownFileType = sourcecode.swift; path = DocumentViewController.swift; sourceTree = "<group>"; };
		D69C5830271B02F00033BE25 /* Document.swift */ = {isa = PBXFileReference; lastKnownFileType = sourcecode.swift; path = Document.swift; sourceTree = "<group>"; };
		D69C5833271B02F00033BE25 /* Base */ = {isa = PBXFileReference; lastKnownFileType = file.storyboard; name = Base; path = Base.lproj/Main.storyboard; sourceTree = "<group>"; };
		D69C5835271B02F20033BE25 /* Assets.xcassets */ = {isa = PBXFileReference; lastKnownFileType = folder.assetcatalog; path = Assets.xcassets; sourceTree = "<group>"; };
		D69C5838271B02F20033BE25 /* Base */ = {isa = PBXFileReference; lastKnownFileType = file.storyboard; name = Base; path = Base.lproj/LaunchScreen.storyboard; sourceTree = "<group>"; };
		D69C583A271B02F20033BE25 /* Info.plist */ = {isa = PBXFileReference; lastKnownFileType = text.plist.xml; path = Info.plist; sourceTree = "<group>"; };
		D69C583F271B02F20033BE25 /* MVVM Demo projectTests.xctest */ = {isa = PBXFileReference; explicitFileType = wrapper.cfbundle; includeInIndex = 0; path = "MVVM Demo projectTests.xctest"; sourceTree = BUILT_PRODUCTS_DIR; };
		D69C5843271B02F20033BE25 /* MVVM_Demo_projectTests.swift */ = {isa = PBXFileReference; lastKnownFileType = sourcecode.swift; path = MVVM_Demo_projectTests.swift; sourceTree = "<group>"; };
		D69C5849271B02F20033BE25 /* MVVM Demo projectUITests.xctest */ = {isa = PBXFileReference; explicitFileType = wrapper.cfbundle; includeInIndex = 0; path = "MVVM Demo projectUITests.xctest"; sourceTree = BUILT_PRODUCTS_DIR; };
		D69C584D271B02F20033BE25 /* MVVM_Demo_projectUITests.swift */ = {isa = PBXFileReference; lastKnownFileType = sourcecode.swift; path = MVVM_Demo_projectUITests.swift; sourceTree = "<group>"; };
		D69C584F271B02F20033BE25 /* MVVM_Demo_projectUITestsLaunchTests.swift */ = {isa = PBXFileReference; lastKnownFileType = sourcecode.swift; path = MVVM_Demo_projectUITestsLaunchTests.swift; sourceTree = "<group>"; };
/* End PBXFileReference section */

/* Begin PBXFrameworksBuildPhase section */
		D69C5824271B02F00033BE25 /* Frameworks */ = {
			isa = PBXFrameworksBuildPhase;
			buildActionMask = 2147483647;
			files = (
			);
			runOnlyForDeploymentPostprocessing = 0;
		};
		D69C583C271B02F20033BE25 /* Frameworks */ = {
			isa = PBXFrameworksBuildPhase;
			buildActionMask = 2147483647;
			files = (
			);
			runOnlyForDeploymentPostprocessing = 0;
		};
		D69C5846271B02F20033BE25 /* Frameworks */ = {
			isa = PBXFrameworksBuildPhase;
			buildActionMask = 2147483647;
			files = (
			);
			runOnlyForDeploymentPostprocessing = 0;
		};
/* End PBXFrameworksBuildPhase section */

/* Begin PBXGroup section */
		D69C581E271B02F00033BE25 = {
			isa = PBXGroup;
			children = (
				D69C5829271B02F00033BE25 /* MVVM Demo project */,
				D69C5842271B02F20033BE25 /* MVVM Demo projectTests */,
				D69C584C271B02F20033BE25 /* MVVM Demo projectUITests */,
				D69C5828271B02F00033BE25 /* Products */,
			);
			sourceTree = "<group>";
		};
		D69C5828271B02F00033BE25 /* Products */ = {
			isa = PBXGroup;
			children = (
				D69C5827271B02F00033BE25 /* MVVM Demo project.app */,
				D69C583F271B02F20033BE25 /* MVVM Demo projectTests.xctest */,
				D69C5849271B02F20033BE25 /* MVVM Demo projectUITests.xctest */,
			);
			name = Products;
			sourceTree = "<group>";
		};
		D69C5829271B02F00033BE25 /* MVVM Demo project */ = {
			isa = PBXGroup;
			children = (
				D69C582A271B02F00033BE25 /* AppDelegate.swift */,
				D69C582C271B02F00033BE25 /* DocumentBrowserViewController.swift */,
				D69C582E271B02F00033BE25 /* DocumentViewController.swift */,
				D69C5830271B02F00033BE25 /* Document.swift */,
				D69C5832271B02F00033BE25 /* Main.storyboard */,
				D69C5835271B02F20033BE25 /* Assets.xcassets */,
				D69C5837271B02F20033BE25 /* LaunchScreen.storyboard */,
				D69C583A271B02F20033BE25 /* Info.plist */,
				D657CFEB273FDF88005609EA /* ViewController.swift */,
			);
			path = "MVVM Demo project";
			sourceTree = "<group>";
		};
		D69C5842271B02F20033BE25 /* MVVM Demo projectTests */ = {
			isa = PBXGroup;
			children = (
				D69C5843271B02F20033BE25 /* MVVM_Demo_projectTests.swift */,
			);
			path = "MVVM Demo projectTests";
			sourceTree = "<group>";
		};
		D69C584C271B02F20033BE25 /* MVVM Demo projectUITests */ = {
			isa = PBXGroup;
			children = (
				D69C584D271B02F20033BE25 /* MVVM_Demo_projectUITests.swift */,
				D69C584F271B02F20033BE25 /* MVVM_Demo_projectUITestsLaunchTests.swift */,
			);
			path = "MVVM Demo projectUITests";
			sourceTree = "<group>";
		};
/* End PBXGroup section */

/* Begin PBXNativeTarget section */
		D69C5826271B02F00033BE25 /* MVVM Demo project */ = {
			isa = PBXNativeTarget;
			buildConfigurationList = D69C5853271B02F20033BE25 /* Build configuration list for PBXNativeTarget "MVVM Demo project" */;
			buildPhases = (
				D69C5823271B02F00033BE25 /* Sources */,
				D69C5824271B02F00033BE25 /* Frameworks */,
				D69C5825271B02F00033BE25 /* Resources */,
			);
			buildRules = (
			);
			dependencies = (
			);
			name = "MVVM Demo project";
			productName = "MVVM Demo project";
			productReference = D69C5827271B02F00033BE25 /* MVVM Demo project.app */;
			productType = "com.apple.product-type.application";
		};
		D69C583E271B02F20033BE25 /* MVVM Demo projectTests */ = {
			isa = PBXNativeTarget;
			buildConfigurationList = D69C5856271B02F20033BE25 /* Build configuration list for PBXNativeTarget "MVVM Demo projectTests" */;
			buildPhases = (
				D69C583B271B02F20033BE25 /* Sources */,
				D69C583C271B02F20033BE25 /* Frameworks */,
				D69C583D271B02F20033BE25 /* Resources */,
			);
			buildRules = (
			);
			dependencies = (
				D69C5841271B02F20033BE25 /* PBXTargetDependency */,
			);
			name = "MVVM Demo projectTests";
			productName = "MVVM Demo projectTests";
			productReference = D69C583F271B02F20033BE25 /* MVVM Demo projectTests.xctest */;
			productType = "com.apple.product-type.bundle.unit-test";
		};
		D69C5848271B02F20033BE25 /* MVVM Demo projectUITests */ = {
			isa = PBXNativeTarget;
			buildConfigurationList = D69C5859271B02F20033BE25 /* Build configuration list for PBXNativeTarget "MVVM Demo projectUITests" */;
			buildPhases = (
				D69C5845271B02F20033BE25 /* Sources */,
				D69C5846271B02F20033BE25 /* Frameworks */,
				D69C5847271B02F20033BE25 /* Resources */,
			);
			buildRules = (
			);
			dependencies = (
				D69C584B271B02F20033BE25 /* PBXTargetDependency */,
			);
			name = "MVVM Demo projectUITests";
			productName = "MVVM Demo projectUITests";
			productReference = D69C5849271B02F20033BE25 /* MVVM Demo projectUITests.xctest */;
			productType = "com.apple.product-type.bundle.ui-testing";
		};
/* End PBXNativeTarget section */

/* Begin PBXProject section */
		D69C581F271B02F00033BE25 /* Project object */ = {
			isa = PBXProject;
			attributes = {
				BuildIndependentTargetsInParallel = 1;
				LastSwiftUpdateCheck = 1300;
				LastUpgradeCheck = 1300;
				TargetAttributes = {
					D69C5826271B02F00033BE25 = {
						CreatedOnToolsVersion = 13.0;
					};
					D69C583E271B02F20033BE25 = {
						CreatedOnToolsVersion = 13.0;
						TestTargetID = D69C5826271B02F00033BE25;
					};
					D69C5848271B02F20033BE25 = {
						CreatedOnToolsVersion = 13.0;
						TestTargetID = D69C5826271B02F00033BE25;
					};
				};
			};
			buildConfigurationList = D69C5822271B02F00033BE25 /* Build configuration list for PBXProject "MVVM Demo project" */;
			compatibilityVersion = "Xcode 13.0";
			developmentRegion = en;
			hasScannedForEncodings = 0;
			knownRegions = (
				en,
				Base,
			);
			mainGroup = D69C581E271B02F00033BE25;
			productRefGroup = D69C5828271B02F00033BE25 /* Products */;
			projectDirPath = "";
			projectRoot = "";
			targets = (
				D69C5826271B02F00033BE25 /* MVVM Demo project */,
				D69C583E271B02F20033BE25 /* MVVM Demo projectTests */,
				D69C5848271B02F20033BE25 /* MVVM Demo projectUITests */,
			);
		};
/* End PBXProject section */

/* Begin PBXResourcesBuildPhase section */
		D69C5825271B02F00033BE25 /* Resources */ = {
			isa = PBXResourcesBuildPhase;
			buildActionMask = 2147483647;
			files = (
				D69C5839271B02F20033BE25 /* LaunchScreen.storyboard in Resources */,
				D69C5836271B02F20033BE25 /* Assets.xcassets in Resources */,
				D69C5834271B02F00033BE25 /* Main.storyboard in Resources */,
			);
			runOnlyForDeploymentPostprocessing = 0;
		};
		D69C583D271B02F20033BE25 /* Resources */ = {
			isa = PBXResourcesBuildPhase;
			buildActionMask = 2147483647;
			files = (
			);
			runOnlyForDeploymentPostprocessing = 0;
		};
		D69C5847271B02F20033BE25 /* Resources */ = {
			isa = PBXResourcesBuildPhase;
			buildActionMask = 2147483647;
			files = (
			);
			runOnlyForDeploymentPostprocessing = 0;
		};
/* End PBXResourcesBuildPhase section */

/* Begin PBXSourcesBuildPhase section */
		D69C5823271B02F00033BE25 /* Sources */ = {
			isa = PBXSourcesBuildPhase;
			buildActionMask = 2147483647;
			files = (
				D657CFEC273FDF88005609EA /* ViewController.swift in Sources */,
				D69C5831271B02F00033BE25 /* Document.swift in Sources */,
				D69C582F271B02F00033BE25 /* DocumentViewController.swift in Sources */,
				D69C582D271B02F00033BE25 /* DocumentBrowserViewController.swift in Sources */,
				D69C582B271B02F00033BE25 /* AppDelegate.swift in Sources */,
			);
			runOnlyForDeploymentPostprocessing = 0;
		};
		D69C583B271B02F20033BE25 /* Sources */ = {
			isa = PBXSourcesBuildPhase;
			buildActionMask = 2147483647;
			files = (
				D69C5844271B02F20033BE25 /* MVVM_Demo_projectTests.swift in Sources */,
			);
			runOnlyForDeploymentPostprocessing = 0;
		};
		D69C5845271B02F20033BE25 /* Sources */ = {
			isa = PBXSourcesBuildPhase;
			buildActionMask = 2147483647;
			files = (
				D69C584E271B02F20033BE25 /* MVVM_Demo_projectUITests.swift in Sources */,
				D69C5850271B02F20033BE25 /* MVVM_Demo_projectUITestsLaunchTests.swift in Sources */,
			);
			runOnlyForDeploymentPostprocessing = 0;
		};
/* End PBXSourcesBuildPhase section */

/* Begin PBXTargetDependency section */
		D69C5841271B02F20033BE25 /* PBXTargetDependency */ = {
			isa = PBXTargetDependency;
			target = D69C5826271B02F00033BE25 /* MVVM Demo project */;
			targetProxy = D69C5840271B02F20033BE25 /* PBXContainerItemProxy */;
		};
		D69C584B271B02F20033BE25 /* PBXTargetDependency */ = {
			isa = PBXTargetDependency;
			target = D69C5826271B02F00033BE25 /* MVVM Demo project */;
			targetProxy = D69C584A271B02F20033BE25 /* PBXContainerItemProxy */;
		};
/* End PBXTargetDependency section */

/* Begin PBXVariantGroup section */
		D69C5832271B02F00033BE25 /* Main.storyboard */ = {
			isa = PBXVariantGroup;
			children = (
				D69C5833271B02F00033BE25 /* Base */,
			);
			name = Main.storyboard;
			sourceTree = "<group>";
		};
		D69C5837271B02F20033BE25 /* LaunchScreen.storyboard */ = {
			isa = PBXVariantGroup;
			children = (
				D69C5838271B02F20033BE25 /* Base */,
			);
			name = LaunchScreen.storyboard;
			sourceTree = "<group>";
		};
/* End PBXVariantGroup section */

/* Begin XCBuildConfiguration section */
		D69C5851271B02F20033BE25 /* Debug */ = {
			isa = XCBuildConfiguration;
			buildSettings = {
				ALWAYS_SEARCH_USER_PATHS = NO;
				CLANG_ANALYZER_NONNULL = YES;
				CLANG_ANALYZER_NUMBER_OBJECT_CONVERSION = YES_AGGRESSIVE;
				CLANG_CXX_LANGUAGE_STANDARD = "gnu++17";
				CLANG_CXX_LIBRARY = "libc++";
				CLANG_ENABLE_MODULES = YES;
				CLANG_ENABLE_OBJC_ARC = YES;
				CLANG_ENABLE_OBJC_WEAK = YES;
				CLANG_WARN_BLOCK_CAPTURE_AUTORELEASING = YES;
				CLANG_WARN_BOOL_CONVERSION = YES;
				CLANG_WARN_COMMA = YES;
				CLANG_WARN_CONSTANT_CONVERSION = YES;
				CLANG_WARN_DEPRECATED_OBJC_IMPLEMENTATIONS = YES;
				CLANG_WARN_DIRECT_OBJC_ISA_USAGE = YES_ERROR;
				CLANG_WARN_DOCUMENTATION_COMMENTS = YES;
				CLANG_WARN_EMPTY_BODY = YES;
				CLANG_WARN_ENUM_CONVERSION = YES;
				CLANG_WARN_INFINITE_RECURSION = YES;
				CLANG_WARN_INT_CONVERSION = YES;
				CLANG_WARN_NON_LITERAL_NULL_CONVERSION = YES;
				CLANG_WARN_OBJC_IMPLICIT_RETAIN_SELF = YES;
				CLANG_WARN_OBJC_LITERAL_CONVERSION = YES;
				CLANG_WARN_OBJC_ROOT_CLASS = YES_ERROR;
				CLANG_WARN_QUOTED_INCLUDE_IN_FRAMEWORK_HEADER = YES;
				CLANG_WARN_RANGE_LOOP_ANALYSIS = YES;
				CLANG_WARN_STRICT_PROTOTYPES = YES;
				CLANG_WARN_SUSPICIOUS_MOVE = YES;
				CLANG_WARN_UNGUARDED_AVAILABILITY = YES_AGGRESSIVE;
				CLANG_WARN_UNREACHABLE_CODE = YES;
				CLANG_WARN__DUPLICATE_METHOD_MATCH = YES;
				COPY_PHASE_STRIP = NO;
				DEBUG_INFORMATION_FORMAT = dwarf;
				ENABLE_STRICT_OBJC_MSGSEND = YES;
				ENABLE_TESTABILITY = YES;
				GCC_C_LANGUAGE_STANDARD = gnu11;
				GCC_DYNAMIC_NO_PIC = NO;
				GCC_NO_COMMON_BLOCKS = YES;
				GCC_OPTIMIZATION_LEVEL = 0;
				GCC_PREPROCESSOR_DEFINITIONS = (
					"DEBUG=1",
					"$(inherited)",
				);
				GCC_WARN_64_TO_32_BIT_CONVERSION = YES;
				GCC_WARN_ABOUT_RETURN_TYPE = YES_ERROR;
				GCC_WARN_UNDECLARED_SELECTOR = YES;
				GCC_WARN_UNINITIALIZED_AUTOS = YES_AGGRESSIVE;
				GCC_WARN_UNUSED_FUNCTION = YES;
				GCC_WARN_UNUSED_VARIABLE = YES;
				IPHONEOS_DEPLOYMENT_TARGET = 15.0;
				MTL_ENABLE_DEBUG_INFO = INCLUDE_SOURCE;
				MTL_FAST_MATH = YES;
				ONLY_ACTIVE_ARCH = YES;
				SDKROOT = iphoneos;
				SWIFT_ACTIVE_COMPILATION_CONDITIONS = DEBUG;
				SWIFT_OPTIMIZATION_LEVEL = "-Onone";
			};
			name = Debug;
		};
		D69C5852271B02F20033BE25 /* Release */ = {
			isa = XCBuildConfiguration;
			buildSettings = {
				ALWAYS_SEARCH_USER_PATHS = NO;
				CLANG_ANALYZER_NONNULL = YES;
				CLANG_ANALYZER_NUMBER_OBJECT_CONVERSION = YES_AGGRESSIVE;
				CLANG_CXX_LANGUAGE_STANDARD = "gnu++17";
				CLANG_CXX_LIBRARY = "libc++";
				CLANG_ENABLE_MODULES = YES;
				CLANG_ENABLE_OBJC_ARC = YES;
				CLANG_ENABLE_OBJC_WEAK = YES;
				CLANG_WARN_BLOCK_CAPTURE_AUTORELEASING = YES;
				CLANG_WARN_BOOL_CONVERSION = YES;
				CLANG_WARN_COMMA = YES;
				CLANG_WARN_CONSTANT_CONVERSION = YES;
				CLANG_WARN_DEPRECATED_OBJC_IMPLEMENTATIONS = YES;
				CLANG_WARN_DIRECT_OBJC_ISA_USAGE = YES_ERROR;
				CLANG_WARN_DOCUMENTATION_COMMENTS = YES;
				CLANG_WARN_EMPTY_BODY = YES;
				CLANG_WARN_ENUM_CONVERSION = YES;
				CLANG_WARN_INFINITE_RECURSION = YES;
				CLANG_WARN_INT_CONVERSION = YES;
				CLANG_WARN_NON_LITERAL_NULL_CONVERSION = YES;
				CLANG_WARN_OBJC_IMPLICIT_RETAIN_SELF = YES;
				CLANG_WARN_OBJC_LITERAL_CONVERSION = YES;
				CLANG_WARN_OBJC_ROOT_CLASS = YES_ERROR;
				CLANG_WARN_QUOTED_INCLUDE_IN_FRAMEWORK_HEADER = YES;
				CLANG_WARN_RANGE_LOOP_ANALYSIS = YES;
				CLANG_WARN_STRICT_PROTOTYPES = YES;
				CLANG_WARN_SUSPICIOUS_MOVE = YES;
				CLANG_WARN_UNGUARDED_AVAILABILITY = YES_AGGRESSIVE;
				CLANG_WARN_UNREACHABLE_CODE = YES;
				CLANG_WARN__DUPLICATE_METHOD_MATCH = YES;
				COPY_PHASE_STRIP = NO;
				DEBUG_INFORMATION_FORMAT = "dwarf-with-dsym";
				ENABLE_NS_ASSERTIONS = NO;
				ENABLE_STRICT_OBJC_MSGSEND = YES;
				GCC_C_LANGUAGE_STANDARD = gnu11;
				GCC_NO_COMMON_BLOCKS = YES;
				GCC_WARN_64_TO_32_BIT_CONVERSION = YES;
				GCC_WARN_ABOUT_RETURN_TYPE = YES_ERROR;
				GCC_WARN_UNDECLARED_SELECTOR = YES;
				GCC_WARN_UNINITIALIZED_AUTOS = YES_AGGRESSIVE;
				GCC_WARN_UNUSED_FUNCTION = YES;
				GCC_WARN_UNUSED_VARIABLE = YES;
				IPHONEOS_DEPLOYMENT_TARGET = 15.0;
				MTL_ENABLE_DEBUG_INFO = NO;
				MTL_FAST_MATH = YES;
				SDKROOT = iphoneos;
				SWIFT_COMPILATION_MODE = wholemodule;
				SWIFT_OPTIMIZATION_LEVEL = "-O";
				VALIDATE_PRODUCT = YES;
			};
			name = Release;
		};
		D69C5854271B02F20033BE25 /* Debug */ = {
			isa = XCBuildConfiguration;
			buildSettings = {
				ASSETCATALOG_COMPILER_APPICON_NAME = AppIcon;
				ASSETCATALOG_COMPILER_GLOBAL_ACCENT_COLOR_NAME = AccentColor;
				CODE_SIGN_STYLE = Automatic;
				CURRENT_PROJECT_VERSION = 1;
				GENERATE_INFOPLIST_FILE = YES;
				INFOPLIST_FILE = "MVVM Demo project/Info.plist";
				INFOPLIST_KEY_UIApplicationSupportsIndirectInputEvents = YES;
				INFOPLIST_KEY_UILaunchStoryboardName = LaunchScreen;
				INFOPLIST_KEY_UIMainStoryboardFile = Main;
				INFOPLIST_KEY_UISupportedInterfaceOrientations_iPad = "UIInterfaceOrientationPortrait UIInterfaceOrientationPortraitUpsideDown UIInterfaceOrientationLandscapeLeft UIInterfaceOrientationLandscapeRight";
				INFOPLIST_KEY_UISupportedInterfaceOrientations_iPhone = "UIInterfaceOrientationPortrait UIInterfaceOrientationLandscapeLeft UIInterfaceOrientationLandscapeRight";
				INFOPLIST_KEY_UISupportsDocumentBrowser = YES;
				LD_RUNPATH_SEARCH_PATHS = (
					"$(inherited)",
					"@executable_path/Frameworks",
				);
				MARKETING_VERSION = 1.0;
				PRODUCT_BUNDLE_IDENTIFIER = "kiwi.MVVM-Demo-project";
				PRODUCT_NAME = "$(TARGET_NAME)";
				SWIFT_EMIT_LOC_STRINGS = YES;
				SWIFT_VERSION = 5.0;
				TARGETED_DEVICE_FAMILY = "1,2";
			};
			name = Debug;
		};
		D69C5855271B02F20033BE25 /* Release */ = {
			isa = XCBuildConfiguration;
			buildSettings = {
				ASSETCATALOG_COMPILER_APPICON_NAME = AppIcon;
				ASSETCATALOG_COMPILER_GLOBAL_ACCENT_COLOR_NAME = AccentColor;
				CODE_SIGN_STYLE = Automatic;
				CURRENT_PROJECT_VERSION = 1;
				GENERATE_INFOPLIST_FILE = YES;
				INFOPLIST_FILE = "MVVM Demo project/Info.plist";
				INFOPLIST_KEY_UIApplicationSupportsIndirectInputEvents = YES;
				INFOPLIST_KEY_UILaunchStoryboardName = LaunchScreen;
				INFOPLIST_KEY_UIMainStoryboardFile = Main;
				INFOPLIST_KEY_UISupportedInterfaceOrientations_iPad = "UIInterfaceOrientationPortrait UIInterfaceOrientationPortraitUpsideDown UIInterfaceOrientationLandscapeLeft UIInterfaceOrientationLandscapeRight";
				INFOPLIST_KEY_UISupportedInterfaceOrientations_iPhone = "UIInterfaceOrientationPortrait UIInterfaceOrientationLandscapeLeft UIInterfaceOrientationLandscapeRight";
				INFOPLIST_KEY_UISupportsDocumentBrowser = YES;
				LD_RUNPATH_SEARCH_PATHS = (
					"$(inherited)",
					"@executable_path/Frameworks",
				);
				MARKETING_VERSION = 1.0;
				PRODUCT_BUNDLE_IDENTIFIER = "kiwi.MVVM-Demo-project";
				PRODUCT_NAME = "$(TARGET_NAME)";
				SWIFT_EMIT_LOC_STRINGS = YES;
				SWIFT_VERSION = 5.0;
				TARGETED_DEVICE_FAMILY = "1,2";
			};
			name = Release;
		};
		D69C5857271B02F20033BE25 /* Debug */ = {
			isa = XCBuildConfiguration;
			buildSettings = {
				ALWAYS_EMBED_SWIFT_STANDARD_LIBRARIES = YES;
				BUNDLE_LOADER = "$(TEST_HOST)";
				CODE_SIGN_STYLE = Automatic;
				CURRENT_PROJECT_VERSION = 1;
				GENERATE_INFOPLIST_FILE = YES;
				IPHONEOS_DEPLOYMENT_TARGET = 15.0;
				LD_RUNPATH_SEARCH_PATHS = (
					"$(inherited)",
					"@executable_path/Frameworks",
					"@loader_path/Frameworks",
				);
				MARKETING_VERSION = 1.0;
				PRODUCT_BUNDLE_IDENTIFIER = "kiwi.MVVM-Demo-projectTests";
				PRODUCT_NAME = "$(TARGET_NAME)";
				SWIFT_EMIT_LOC_STRINGS = NO;
				SWIFT_VERSION = 5.0;
				TARGETED_DEVICE_FAMILY = "1,2";
				TEST_HOST = "$(BUILT_PRODUCTS_DIR)/MVVM Demo project.app/MVVM Demo project";
			};
			name = Debug;
		};
		D69C5858271B02F20033BE25 /* Release */ = {
			isa = XCBuildConfiguration;
			buildSettings = {
				ALWAYS_EMBED_SWIFT_STANDARD_LIBRARIES = YES;
				BUNDLE_LOADER = "$(TEST_HOST)";
				CODE_SIGN_STYLE = Automatic;
				CURRENT_PROJECT_VERSION = 1;
				GENERATE_INFOPLIST_FILE = YES;
				IPHONEOS_DEPLOYMENT_TARGET = 15.0;
				LD_RUNPATH_SEARCH_PATHS = (
					"$(inherited)",
					"@executable_path/Frameworks",
					"@loader_path/Frameworks",
				);
				MARKETING_VERSION = 1.0;
				PRODUCT_BUNDLE_IDENTIFIER = "kiwi.MVVM-Demo-projectTests";
				PRODUCT_NAME = "$(TARGET_NAME)";
				SWIFT_EMIT_LOC_STRINGS = NO;
				SWIFT_VERSION = 5.0;
				TARGETED_DEVICE_FAMILY = "1,2";
				TEST_HOST = "$(BUILT_PRODUCTS_DIR)/MVVM Demo project.app/MVVM Demo project";
			};
			name = Release;
		};
		D69C585A271B02F20033BE25 /* Debug */ = {
			isa = XCBuildConfiguration;
			buildSettings = {
				ALWAYS_EMBED_SWIFT_STANDARD_LIBRARIES = YES;
				CODE_SIGN_STYLE = Automatic;
				CURRENT_PROJECT_VERSION = 1;
				GENERATE_INFOPLIST_FILE = YES;
				LD_RUNPATH_SEARCH_PATHS = (
					"$(inherited)",
					"@executable_path/Frameworks",
					"@loader_path/Frameworks",
				);
				MARKETING_VERSION = 1.0;
				PRODUCT_BUNDLE_IDENTIFIER = "kiwi.MVVM-Demo-projectUITests";
				PRODUCT_NAME = "$(TARGET_NAME)";
				SWIFT_EMIT_LOC_STRINGS = NO;
				SWIFT_VERSION = 5.0;
				TARGETED_DEVICE_FAMILY = "1,2";
				TEST_TARGET_NAME = "MVVM Demo project";
			};
			name = Debug;
		};
		D69C585B271B02F20033BE25 /* Release */ = {
			isa = XCBuildConfiguration;
			buildSettings = {
				ALWAYS_EMBED_SWIFT_STANDARD_LIBRARIES = YES;
				CODE_SIGN_STYLE = Automatic;
				CURRENT_PROJECT_VERSION = 1;
				GENERATE_INFOPLIST_FILE = YES;
				LD_RUNPATH_SEARCH_PATHS = (
					"$(inherited)",
					"@executable_path/Frameworks",
					"@loader_path/Frameworks",
				);
				MARKETING_VERSION = 1.0;
				PRODUCT_BUNDLE_IDENTIFIER = "kiwi.MVVM-Demo-projectUITests";
				PRODUCT_NAME = "$(TARGET_NAME)";
				SWIFT_EMIT_LOC_STRINGS = NO;
				SWIFT_VERSION = 5.0;
				TARGETED_DEVICE_FAMILY = "1,2";
				TEST_TARGET_NAME = "MVVM Demo project";
			};
			name = Release;
		};
/* End XCBuildConfiguration section */

/* Begin XCConfigurationList section */
		D69C5822271B02F00033BE25 /* Build configuration list for PBXProject "MVVM Demo project" */ = {
			isa = XCConfigurationList;
			buildConfigurations = (
				D69C5851271B02F20033BE25 /* Debug */,
				D69C5852271B02F20033BE25 /* Release */,
			);
			defaultConfigurationIsVisible = 0;
			defaultConfigurationName = Release;
		};
		D69C5853271B02F20033BE25 /* Build configuration list for PBXNativeTarget "MVVM Demo project" */ = {
			isa = XCConfigurationList;
			buildConfigurations = (
				D69C5854271B02F20033BE25 /* Debug */,
				D69C5855271B02F20033BE25 /* Release */,
			);
			defaultConfigurationIsVisible = 0;
			defaultConfigurationName = Release;
		};
		D69C5856271B02F20033BE25 /* Build configuration list for PBXNativeTarget "MVVM Demo projectTests" */ = {
			isa = XCConfigurationList;
			buildConfigurations = (
				D69C5857271B02F20033BE25 /* Debug */,
				D69C5858271B02F20033BE25 /* Release */,
			);
			defaultConfigurationIsVisible = 0;
			defaultConfigurationName = Release;
		};
		D69C5859271B02F20033BE25 /* Build configuration list for PBXNativeTarget "MVVM Demo projectUITests" */ = {
			isa = XCConfigurationList;
			buildConfigurations = (
				D69C585A271B02F20033BE25 /* Debug */,
				D69C585B271B02F20033BE25 /* Release */,
			);
			defaultConfigurationIsVisible = 0;
			defaultConfigurationName = Release;
		};
/* End XCConfigurationList section */
	};
	rootObject = D69C581F271B02F00033BE25 /* Project object */;
}
